
Microsoft Visual Studio Solution File, Format Version 12.00
# Visual Studio 15
VisualStudioVersion = 15.0.26730.16
MinimumVisualStudioVersion = 10.0.40219.1
Project("{FAE04EC0-301F-11D3-BF4B-00C04F79EFBC}") = "L1_T1", "L1_T1\L1_T1.csproj", "{515929CD-C7BE-4F6D-BBE3-6075F0CF237D}"
EndProject
Project("{FAE04EC0-301F-11D3-BF4B-00C04F79EFBC}") = "L1_T2", "L1_T2\L1_T2.csproj", "{8A6A0237-02E6-4492-95B4-210E6C3420F0}"
EndProject
Project("{FAE04EC0-301F-11D3-BF4B-00C04F79EFBC}") = "L1_T3", "L1_T3\L1_T3.csproj", "{ADB339ED-1C5B-4DAB-AA09-EDD3E77B4E2E}"
EndProject
Project("{FAE04EC0-301F-11D3-BF4B-00C04F79EFBC}") = "L1_T4", "L1_T4\L1_T4.csproj", "{E6D2B411-EC1B-4382-A042-EF32002DF6DF}"
EndProject
Project("{FAE04EC0-301F-11D3-BF4B-00C04F79EFBC}") = "L1_T5", "L1_T5\L1_T5.csproj", "{02192F07-3384-4906-A357-B0D61D362E8A}"
EndProject
Project("{FAE04EC0-301F-11D3-BF4B-00C04F79EFBC}") = "L2_Lab2", "L2_Lab2\L2_Lab2.csproj", "{4D5E2016-F69D-4969-98BE-30D9340CC5A7}"
EndProject
Project("{FAE04EC0-301F-11D3-BF4B-00C04F79EFBC}") = "L2_Lab3", "L2_Lab3\L2_Lab3.csproj", "{864AA283-4125-4A77-8F51-4DDAD636FE5D}"
EndProject
Project("{FAE04EC0-301F-11D3-BF4B-00C04F79EFBC}") = "L2_Lab4", "L2_Lab4\L2_Lab4.csproj", "{B2D573FC-F800-4657-95D3-BA72DA61A2D8}"
EndProject
Project("{FAE04EC0-301F-11D3-BF4B-00C04F79EFBC}") = "L2_Lab5", "L2_Lab5\L2_Lab5.csproj", "{1A1812B4-C934-418C-84E9-661898FA047E}"
EndProject
Project("{FAE04EC0-301F-11D3-BF4B-00C04F79EFBC}") = "L2_Lab6", "L2_Lab6\L2_Lab6.csproj", "{85D07BA8-9CF4-4C20-8A34-B9E11A4F977D}"
EndProject
Project("{FAE04EC0-301F-11D3-BF4B-00C04F79EFBC}") = "L2_Lab7", "L2_Lab7\L2_Lab7.csproj", "{EC17D7AE-F85B-4C60-9738-5F9CB838D00B}"
EndProject
Project("{FAE04EC0-301F-11D3-BF4B-00C04F79EFBC}") = "L2_Lab8", "L2_Lab8\L2_Lab8.csproj", "{2842A18E-A08E-42E1-AA19-A5D5B28BD5D9}"
EndProject
Project("{FAE04EC0-301F-11D3-BF4B-00C04F79EFBC}") = "L2_Lab9", "L2_Lab9\L2_Lab9.csproj", "{70D50627-FCC2-40FB-A870-9D9E3B55C370}"
EndProject
Project("{FAE04EC0-301F-11D3-BF4B-00C04F79EFBC}") = "L2_Lab10", "L2_Lab10\L2_Lab10.csproj", "{8FEC37C4-2BB8-42F6-B795-C62489348122}"
EndProject
Project("{FAE04EC0-301F-11D3-BF4B-00C04F79EFBC}") = "L2_Lab11", "L2_Lab11\L2_Lab11.csproj", "{21D88B6A-A33B-4BF8-AADB-6B0B93D1EBA2}"
EndProject
Project("{FAE04EC0-301F-11D3-BF4B-00C04F79EFBC}") = "L2_Lab12", "L2_Lab12\L2_Lab12.csproj", "{C3E067EF-C3C5-4213-8896-088665306033}"
EndProject
Project("{FAE04EC0-301F-11D3-BF4B-00C04F79EFBC}") = "L2_T1", "L2_T1\L2_T1.csproj", "{A0BC499A-6E06-41FF-9BB4-F094044A2BC7}"
EndProject
Project("{FAE04EC0-301F-11D3-BF4B-00C04F79EFBC}") = "L2_T2", "L2_T2\L2_T2.csproj", "{0718E945-CC0C-47FE-ADA3-D7F96277CAC3}"
EndProject
Project("{FAE04EC0-301F-11D3-BF4B-00C04F79EFBC}") = "L2_T3", "L2_T3\L2_T3.csproj", "{751D1497-0ECD-4257-8E1C-36601779B74F}"
EndProject
Project("{FAE04EC0-301F-11D3-BF4B-00C04F79EFBC}") = "L2_T4", "L2_T4\L2_T4.csproj", "{54000DAC-404B-40D3-9005-8D33A8E5518F}"
EndProject
Project("{FAE04EC0-301F-11D3-BF4B-00C04F79EFBC}") = "L2_T5", "L2_T5\L2_T5.csproj", "{E45B8C3F-4F2D-4B23-99DB-4DFF00B2124A}"
EndProject
Project("{FAE04EC0-301F-11D3-BF4B-00C04F79EFBC}") = "L2_T6", "L2_T6\L2_T6.csproj", "{23526ACF-4D3A-4064-AA7D-598D18FBBB2F}"
EndProject
Project("{FAE04EC0-301F-11D3-BF4B-00C04F79EFBC}") = "L2_T7", "L2_T7\L2_T7.csproj", "{0BE7D71D-EEB6-4648-B045-186884A16AE5}"
EndProject
Project("{FAE04EC0-301F-11D3-BF4B-00C04F79EFBC}") = "L2_T8", "L2_T8\L2_T8.csproj", "{1D89D13A-E4C3-4877-BE65-8BC5F95E3991}"
EndProject
Project("{FAE04EC0-301F-11D3-BF4B-00C04F79EFBC}") = "T2_T9", "T2_T9\T2_T9.csproj", "{17CDEA77-C4F2-425C-9FCA-982322C27F59}"
EndProject
Project("{FAE04EC0-301F-11D3-BF4B-00C04F79EFBC}") = "T2_T10", "T2_T10\T2_T10.csproj", "{E5C88139-2B09-46DD-BDDF-7D6915BF0A03}"
EndProject
Project("{FAE04EC0-301F-11D3-BF4B-00C04F79EFBC}") = "L2_T11", "L2_T11\L2_T11.csproj", "{2DDC63FF-4745-4577-AF14-96F04D3B4034}"
EndProject
Project("{FAE04EC0-301F-11D3-BF4B-00C04F79EFBC}") = "L2_T12", "L2_T12\L2_T12.csproj", "{8C80F041-9B44-4948-82C8-63B3CAB2C8F0}"
EndProject
Project("{FAE04EC0-301F-11D3-BF4B-00C04F79EFBC}") = "T2_T13", "T2_T13\T2_T13.csproj", "{744F3793-DB46-4BC8-AB53-B9DE9F70B015}"
EndProject
Project("{FAE04EC0-301F-11D3-BF4B-00C04F79EFBC}") = "L2_T14", "L2_T14\L2_T14.csproj", "{9D9055AD-8A38-4874-A920-70573046543A}"
EndProject
Project("{FAE04EC0-301F-11D3-BF4B-00C04F79EFBC}") = "L2_T15", "L2_T15\L2_T15.csproj", "{0BF0BE50-0394-4D08-9826-D6BDC0FC80C8}"
EndProject
Global
	GlobalSection(SolutionConfigurationPlatforms) = preSolution
		Debug|Any CPU = Debug|Any CPU
		Release|Any CPU = Release|Any CPU
	EndGlobalSection
	GlobalSection(ProjectConfigurationPlatforms) = postSolution
		{515929CD-C7BE-4F6D-BBE3-6075F0CF237D}.Debug|Any CPU.ActiveCfg = Debug|Any CPU
		{515929CD-C7BE-4F6D-BBE3-6075F0CF237D}.Debug|Any CPU.Build.0 = Debug|Any CPU
		{515929CD-C7BE-4F6D-BBE3-6075F0CF237D}.Release|Any CPU.ActiveCfg = Release|Any CPU
		{515929CD-C7BE-4F6D-BBE3-6075F0CF237D}.Release|Any CPU.Build.0 = Release|Any CPU
		{8A6A0237-02E6-4492-95B4-210E6C3420F0}.Debug|Any CPU.ActiveCfg = Debug|Any CPU
		{8A6A0237-02E6-4492-95B4-210E6C3420F0}.Debug|Any CPU.Build.0 = Debug|Any CPU
		{8A6A0237-02E6-4492-95B4-210E6C3420F0}.Release|Any CPU.ActiveCfg = Release|Any CPU
		{8A6A0237-02E6-4492-95B4-210E6C3420F0}.Release|Any CPU.Build.0 = Release|Any CPU
		{ADB339ED-1C5B-4DAB-AA09-EDD3E77B4E2E}.Debug|Any CPU.ActiveCfg = Debug|Any CPU
		{ADB339ED-1C5B-4DAB-AA09-EDD3E77B4E2E}.Debug|Any CPU.Build.0 = Debug|Any CPU
		{ADB339ED-1C5B-4DAB-AA09-EDD3E77B4E2E}.Release|Any CPU.ActiveCfg = Release|Any CPU
		{ADB339ED-1C5B-4DAB-AA09-EDD3E77B4E2E}.Release|Any CPU.Build.0 = Release|Any CPU
		{E6D2B411-EC1B-4382-A042-EF32002DF6DF}.Debug|Any CPU.ActiveCfg = Debug|Any CPU
		{E6D2B411-EC1B-4382-A042-EF32002DF6DF}.Debug|Any CPU.Build.0 = Debug|Any CPU
		{E6D2B411-EC1B-4382-A042-EF32002DF6DF}.Release|Any CPU.ActiveCfg = Release|Any CPU
		{E6D2B411-EC1B-4382-A042-EF32002DF6DF}.Release|Any CPU.Build.0 = Release|Any CPU
		{02192F07-3384-4906-A357-B0D61D362E8A}.Debug|Any CPU.ActiveCfg = Debug|Any CPU
		{02192F07-3384-4906-A357-B0D61D362E8A}.Debug|Any CPU.Build.0 = Debug|Any CPU
		{02192F07-3384-4906-A357-B0D61D362E8A}.Release|Any CPU.ActiveCfg = Release|Any CPU
		{02192F07-3384-4906-A357-B0D61D362E8A}.Release|Any CPU.Build.0 = Release|Any CPU
		{4D5E2016-F69D-4969-98BE-30D9340CC5A7}.Debug|Any CPU.ActiveCfg = Debug|Any CPU
		{4D5E2016-F69D-4969-98BE-30D9340CC5A7}.Debug|Any CPU.Build.0 = Debug|Any CPU
		{4D5E2016-F69D-4969-98BE-30D9340CC5A7}.Release|Any CPU.ActiveCfg = Release|Any CPU
		{4D5E2016-F69D-4969-98BE-30D9340CC5A7}.Release|Any CPU.Build.0 = Release|Any CPU
		{864AA283-4125-4A77-8F51-4DDAD636FE5D}.Debug|Any CPU.ActiveCfg = Debug|Any CPU
		{864AA283-4125-4A77-8F51-4DDAD636FE5D}.Debug|Any CPU.Build.0 = Debug|Any CPU
		{864AA283-4125-4A77-8F51-4DDAD636FE5D}.Release|Any CPU.ActiveCfg = Release|Any CPU
		{864AA283-4125-4A77-8F51-4DDAD636FE5D}.Release|Any CPU.Build.0 = Release|Any CPU
		{B2D573FC-F800-4657-95D3-BA72DA61A2D8}.Debug|Any CPU.ActiveCfg = Debug|Any CPU
		{B2D573FC-F800-4657-95D3-BA72DA61A2D8}.Debug|Any CPU.Build.0 = Debug|Any CPU
		{B2D573FC-F800-4657-95D3-BA72DA61A2D8}.Release|Any CPU.ActiveCfg = Release|Any CPU
		{B2D573FC-F800-4657-95D3-BA72DA61A2D8}.Release|Any CPU.Build.0 = Release|Any CPU
		{1A1812B4-C934-418C-84E9-661898FA047E}.Debug|Any CPU.ActiveCfg = Debug|Any CPU
		{1A1812B4-C934-418C-84E9-661898FA047E}.Debug|Any CPU.Build.0 = Debug|Any CPU
		{1A1812B4-C934-418C-84E9-661898FA047E}.Release|Any CPU.ActiveCfg = Release|Any CPU
		{1A1812B4-C934-418C-84E9-661898FA047E}.Release|Any CPU.Build.0 = Release|Any CPU
		{85D07BA8-9CF4-4C20-8A34-B9E11A4F977D}.Debug|Any CPU.ActiveCfg = Debug|Any CPU
		{85D07BA8-9CF4-4C20-8A34-B9E11A4F977D}.Debug|Any CPU.Build.0 = Debug|Any CPU
		{85D07BA8-9CF4-4C20-8A34-B9E11A4F977D}.Release|Any CPU.ActiveCfg = Release|Any CPU
		{85D07BA8-9CF4-4C20-8A34-B9E11A4F977D}.Release|Any CPU.Build.0 = Release|Any CPU
		{EC17D7AE-F85B-4C60-9738-5F9CB838D00B}.Debug|Any CPU.ActiveCfg = Debug|Any CPU
		{EC17D7AE-F85B-4C60-9738-5F9CB838D00B}.Debug|Any CPU.Build.0 = Debug|Any CPU
		{EC17D7AE-F85B-4C60-9738-5F9CB838D00B}.Release|Any CPU.ActiveCfg = Release|Any CPU
		{EC17D7AE-F85B-4C60-9738-5F9CB838D00B}.Release|Any CPU.Build.0 = Release|Any CPU
		{2842A18E-A08E-42E1-AA19-A5D5B28BD5D9}.Debug|Any CPU.ActiveCfg = Debug|Any CPU
		{2842A18E-A08E-42E1-AA19-A5D5B28BD5D9}.Debug|Any CPU.Build.0 = Debug|Any CPU
		{2842A18E-A08E-42E1-AA19-A5D5B28BD5D9}.Release|Any CPU.ActiveCfg = Release|Any CPU
		{2842A18E-A08E-42E1-AA19-A5D5B28BD5D9}.Release|Any CPU.Build.0 = Release|Any CPU
		{70D50627-FCC2-40FB-A870-9D9E3B55C370}.Debug|Any CPU.ActiveCfg = Debug|Any CPU
		{70D50627-FCC2-40FB-A870-9D9E3B55C370}.Debug|Any CPU.Build.0 = Debug|Any CPU
		{70D50627-FCC2-40FB-A870-9D9E3B55C370}.Release|Any CPU.ActiveCfg = Release|Any CPU
		{70D50627-FCC2-40FB-A870-9D9E3B55C370}.Release|Any CPU.Build.0 = Release|Any CPU
		{8FEC37C4-2BB8-42F6-B795-C62489348122}.Debug|Any CPU.ActiveCfg = Debug|Any CPU
		{8FEC37C4-2BB8-42F6-B795-C62489348122}.Debug|Any CPU.Build.0 = Debug|Any CPU
		{8FEC37C4-2BB8-42F6-B795-C62489348122}.Release|Any CPU.ActiveCfg = Release|Any CPU
		{8FEC37C4-2BB8-42F6-B795-C62489348122}.Release|Any CPU.Build.0 = Release|Any CPU
		{21D88B6A-A33B-4BF8-AADB-6B0B93D1EBA2}.Debug|Any CPU.ActiveCfg = Debug|Any CPU
		{21D88B6A-A33B-4BF8-AADB-6B0B93D1EBA2}.Debug|Any CPU.Build.0 = Debug|Any CPU
		{21D88B6A-A33B-4BF8-AADB-6B0B93D1EBA2}.Release|Any CPU.ActiveCfg = Release|Any CPU
		{21D88B6A-A33B-4BF8-AADB-6B0B93D1EBA2}.Release|Any CPU.Build.0 = Release|Any CPU
		{C3E067EF-C3C5-4213-8896-088665306033}.Debug|Any CPU.ActiveCfg = Debug|Any CPU
		{C3E067EF-C3C5-4213-8896-088665306033}.Debug|Any CPU.Build.0 = Debug|Any CPU
		{C3E067EF-C3C5-4213-8896-088665306033}.Release|Any CPU.ActiveCfg = Release|Any CPU
		{C3E067EF-C3C5-4213-8896-088665306033}.Release|Any CPU.Build.0 = Release|Any CPU
		{A0BC499A-6E06-41FF-9BB4-F094044A2BC7}.Debug|Any CPU.ActiveCfg = Debug|Any CPU
		{A0BC499A-6E06-41FF-9BB4-F094044A2BC7}.Debug|Any CPU.Build.0 = Debug|Any CPU
		{A0BC499A-6E06-41FF-9BB4-F094044A2BC7}.Release|Any CPU.ActiveCfg = Release|Any CPU
		{A0BC499A-6E06-41FF-9BB4-F094044A2BC7}.Release|Any CPU.Build.0 = Release|Any CPU
		{0718E945-CC0C-47FE-ADA3-D7F96277CAC3}.Debug|Any CPU.ActiveCfg = Debug|Any CPU
		{0718E945-CC0C-47FE-ADA3-D7F96277CAC3}.Debug|Any CPU.Build.0 = Debug|Any CPU
		{0718E945-CC0C-47FE-ADA3-D7F96277CAC3}.Release|Any CPU.ActiveCfg = Release|Any CPU
		{0718E945-CC0C-47FE-ADA3-D7F96277CAC3}.Release|Any CPU.Build.0 = Release|Any CPU
		{751D1497-0ECD-4257-8E1C-36601779B74F}.Debug|Any CPU.ActiveCfg = Debug|Any CPU
		{751D1497-0ECD-4257-8E1C-36601779B74F}.Debug|Any CPU.Build.0 = Debug|Any CPU
		{751D1497-0ECD-4257-8E1C-36601779B74F}.Release|Any CPU.ActiveCfg = Release|Any CPU
		{751D1497-0ECD-4257-8E1C-36601779B74F}.Release|Any CPU.Build.0 = Release|Any CPU
		{54000DAC-404B-40D3-9005-8D33A8E5518F}.Debug|Any CPU.ActiveCfg = Debug|Any CPU
		{54000DAC-404B-40D3-9005-8D33A8E5518F}.Debug|Any CPU.Build.0 = Debug|Any CPU
		{54000DAC-404B-40D3-9005-8D33A8E5518F}.Release|Any CPU.ActiveCfg = Release|Any CPU
		{54000DAC-404B-40D3-9005-8D33A8E5518F}.Release|Any CPU.Build.0 = Release|Any CPU
		{E45B8C3F-4F2D-4B23-99DB-4DFF00B2124A}.Debug|Any CPU.ActiveCfg = Debug|Any CPU
		{E45B8C3F-4F2D-4B23-99DB-4DFF00B2124A}.Debug|Any CPU.Build.0 = Debug|Any CPU
		{E45B8C3F-4F2D-4B23-99DB-4DFF00B2124A}.Release|Any CPU.ActiveCfg = Release|Any CPU
		{E45B8C3F-4F2D-4B23-99DB-4DFF00B2124A}.Release|Any CPU.Build.0 = Release|Any CPU
		{23526ACF-4D3A-4064-AA7D-598D18FBBB2F}.Debug|Any CPU.ActiveCfg = Debug|Any CPU
		{23526ACF-4D3A-4064-AA7D-598D18FBBB2F}.Debug|Any CPU.Build.0 = Debug|Any CPU
		{23526ACF-4D3A-4064-AA7D-598D18FBBB2F}.Release|Any CPU.ActiveCfg = Release|Any CPU
		{23526ACF-4D3A-4064-AA7D-598D18FBBB2F}.Release|Any CPU.Build.0 = Release|Any CPU
		{0BE7D71D-EEB6-4648-B045-186884A16AE5}.Debug|Any CPU.ActiveCfg = Debug|Any CPU
		{0BE7D71D-EEB6-4648-B045-186884A16AE5}.Debug|Any CPU.Build.0 = Debug|Any CPU
		{0BE7D71D-EEB6-4648-B045-186884A16AE5}.Release|Any CPU.ActiveCfg = Release|Any CPU
		{0BE7D71D-EEB6-4648-B045-186884A16AE5}.Release|Any CPU.Build.0 = Release|Any CPU
		{1D89D13A-E4C3-4877-BE65-8BC5F95E3991}.Debug|Any CPU.ActiveCfg = Debug|Any CPU
		{1D89D13A-E4C3-4877-BE65-8BC5F95E3991}.Debug|Any CPU.Build.0 = Debug|Any CPU
		{1D89D13A-E4C3-4877-BE65-8BC5F95E3991}.Release|Any CPU.ActiveCfg = Release|Any CPU
		{1D89D13A-E4C3-4877-BE65-8BC5F95E3991}.Release|Any CPU.Build.0 = Release|Any CPU
		{17CDEA77-C4F2-425C-9FCA-982322C27F59}.Debug|Any CPU.ActiveCfg = Debug|Any CPU
		{17CDEA77-C4F2-425C-9FCA-982322C27F59}.Debug|Any CPU.Build.0 = Debug|Any CPU
		{17CDEA77-C4F2-425C-9FCA-982322C27F59}.Release|Any CPU.ActiveCfg = Release|Any CPU
		{17CDEA77-C4F2-425C-9FCA-982322C27F59}.Release|Any CPU.Build.0 = Release|Any CPU
		{E5C88139-2B09-46DD-BDDF-7D6915BF0A03}.Debug|Any CPU.ActiveCfg = Debug|Any CPU
		{E5C88139-2B09-46DD-BDDF-7D6915BF0A03}.Debug|Any CPU.Build.0 = Debug|Any CPU
		{E5C88139-2B09-46DD-BDDF-7D6915BF0A03}.Release|Any CPU.ActiveCfg = Release|Any CPU
		{E5C88139-2B09-46DD-BDDF-7D6915BF0A03}.Release|Any CPU.Build.0 = Release|Any CPU
		{2DDC63FF-4745-4577-AF14-96F04D3B4034}.Debug|Any CPU.ActiveCfg = Debug|Any CPU
		{2DDC63FF-4745-4577-AF14-96F04D3B4034}.Debug|Any CPU.Build.0 = Debug|Any CPU
		{2DDC63FF-4745-4577-AF14-96F04D3B4034}.Release|Any CPU.ActiveCfg = Release|Any CPU
		{2DDC63FF-4745-4577-AF14-96F04D3B4034}.Release|Any CPU.Build.0 = Release|Any CPU
		{8C80F041-9B44-4948-82C8-63B3CAB2C8F0}.Debug|Any CPU.ActiveCfg = Debug|Any CPU
		{8C80F041-9B44-4948-82C8-63B3CAB2C8F0}.Debug|Any CPU.Build.0 = Debug|Any CPU
		{8C80F041-9B44-4948-82C8-63B3CAB2C8F0}.Release|Any CPU.ActiveCfg = Release|Any CPU
		{8C80F041-9B44-4948-82C8-63B3CAB2C8F0}.Release|Any CPU.Build.0 = Release|Any CPU
		{744F3793-DB46-4BC8-AB53-B9DE9F70B015}.Debug|Any CPU.ActiveCfg = Debug|Any CPU
		{744F3793-DB46-4BC8-AB53-B9DE9F70B015}.Debug|Any CPU.Build.0 = Debug|Any CPU
		{744F3793-DB46-4BC8-AB53-B9DE9F70B015}.Release|Any CPU.ActiveCfg = Release|Any CPU
		{744F3793-DB46-4BC8-AB53-B9DE9F70B015}.Release|Any CPU.Build.0 = Release|Any CPU
		{9D9055AD-8A38-4874-A920-70573046543A}.Debug|Any CPU.ActiveCfg = Debug|Any CPU
		{9D9055AD-8A38-4874-A920-70573046543A}.Debug|Any CPU.Build.0 = Debug|Any CPU
		{9D9055AD-8A38-4874-A920-70573046543A}.Release|Any CPU.ActiveCfg = Release|Any CPU
		{9D9055AD-8A38-4874-A920-70573046543A}.Release|Any CPU.Build.0 = Release|Any CPU
		{0BF0BE50-0394-4D08-9826-D6BDC0FC80C8}.Debug|Any CPU.ActiveCfg = Debug|Any CPU
		{0BF0BE50-0394-4D08-9826-D6BDC0FC80C8}.Debug|Any CPU.Build.0 = Debug|Any CPU
		{0BF0BE50-0394-4D08-9826-D6BDC0FC80C8}.Release|Any CPU.ActiveCfg = Release|Any CPU
		{0BF0BE50-0394-4D08-9826-D6BDC0FC80C8}.Release|Any CPU.Build.0 = Release|Any CPU
	EndGlobalSection
	GlobalSection(SolutionProperties) = preSolution
		HideSolutionNode = FALSE
	EndGlobalSection
	GlobalSection(ExtensibilityGlobals) = postSolution
		SolutionGuid = {299A47EA-EDE4-4B02-9F90-D17B977E67D8}
	EndGlobalSection
EndGlobal
